github.com/davecgh/go-spew v1.1.0 h1:ZDRjVQ15GmhC3fiQ8ni8+OwkZQO4DARzQgrnXU1Liz8=
github.com/davecgh/go-spew v1.1.0/go.mod h1:J7Y8YcW2NihsgmVo/mv3lAwl/skON4iLHjSsI+c5H38=
github.com/isayme/go-bufferpool v0.0.0-20190312133114-6079e260fc19 h1:MnZQQ6OuzYvJ8civzXfztMfntjRTeiBaMRwzZMGXL9E=
github.com/isayme/go-bufferpool v0.0.0-20190312133114-6079e260fc19/go.mod h1:5VjizpyxN7bq1sqWOzTAaGIC5jZXdUfzclzx1pAbzxo=
github.com/isayme/go-config v0.0.0-20190209132515-066212c0ce1b h1:zsJ35FFH7itHUlgW7m62YwRqoAif815ZWywxBdg2cyA=
github.com/isayme/go-config v0.0.0-20190209132515-066212c0ce1b/go.mod h1:gCBIBrmj+N81NzvevhA/FGMY9jUR+WpvwuS3mP5fmC4=
github.com/isayme/go-duration v0.0.0-20191211153234-63fffb1819cb h1:rSP+wQdRJVOpJwIdwSWgaYdBnQGoAHqplpcpyrcSZYk=
github.com/isayme/go-duration v0.0.0-20191211153234-63fffb1819cb/go.mod h1:aWXBQD/2TFYRZAGUg0mr3ExKG6+PUQsWzVnmkiTw2fY=
github.com/isayme/go-logger v0.1.0 h1:COzyNtpOKo4+t5udyu5Q2vibjbLmSWG06h0SVvtTgiM=
github.com/isayme/go-logger v0.1.0/go.mod h1:53zvc0cz+ZjVqZgq1Sb4HEEzl/BPjoLA9xKv5L/XvE4=
github.com/pkg/errors v0.8.1 h1:iURUrRGxPUNPdy5/HRSm+Yj6okJ6UtLINN0Q9M4+h3I=
github.com/pkg/errors v0.8.1/go.mod h1:bwawxfHBFNV+L2hUp1rHADufV3IMtnDRdf1r5NINEl0=
github.com/pmezard/go-difflib v1.0.0 h1:4DBwDE0NGyQoBHbLQYPwSUPoCMWR5BEzIk/f1lZbAQM=
github.com/pmezard/go-difflib v1.0.0/go.mod h1:iKH77koFhYxTK1pcRnkKkqfTogsbg7gZNVY4sRDYZ/4=
github.com/rs/zerolog v1.12.0 h1:aqZ1XRadoS8IBknR5IDFvGzbHly1X9ApIqOroooQF/c=
github.com/rs/zerolog v1.12.0/go.mod h1:YbFCdg8HfsridGWAh22vktObvhZbQsZXe4/zB0OKkWU=
github.com/stretchr/objx v0.1.0/go.mod h1:HFkY916IF+rwdDfMAkV7OtwuqBVzrE8GR6GFx+wExME=
github.com/stretchr/testify v1.3.0 h1:TivCn/peBQ7UY8ooIcPgZFpTNSz0Q2U6UrFlUfqbe0Q=
github.com/stretchr/testify v1.3.0/go.mod h1:M5WIy9Dh21IEIfnGCwXGc5bZfKNJtfHm1UVUgZn+9EI=
golang.org/x/net v0.0.0-20190301231341-16b79f2e4e95 h1:fY7Dsw114eJN4boqzVSbpVHO6rTdhq6/GnXeu+PKnzU=
golang.org/x/net v0.0.0-20190301231341-16b79f2e4e95/go.mod h1:mL1N/T3taQHkDXs73rZJwtUhF3w3ftmwwsq0BUmARs4=
gopkg.in/check.v1 v0.0.0-20161208181325-20d25e280405 h1:yhCVgyC4o1eVCa2tZl7eS0r+SDo693bJlVdllGtEeKM=
gopkg.in/check.v1 v0.0.0-20161208181325-20d25e280405/go.mod h1:Co6ibVJAznAaIkqp8huTwlJQCZ016jof/cbN4VW5Yz0=
gopkg.in/yaml.v2 v2.2.2 h1:ZCJp+EgiOT7lHqUV2J862kp8Qj64Jo6az82+3Td9dZw=
gopkg.in/yaml.v2 v2.2.2/go.mod h1:hI93XBmqTisBFMUTm0b8Fm+jr3Dg1NNxqwp+5A1VGuI=
